// !$*UTF8*$!
{
	archiveVersion = 1;
	classes = {
	};
	objectVersion = 46;
	objects = {

/* Begin PBXBuildFile section */
		E47CFC841AC1119800B90693 /* main.m in Sources */ = {isa = PBXBuildFile; fileRef = E47CFC831AC1119800B90693 /* main.m */; };
		E47CFC871AC1119800B90693 /* AppDelegate.m in Sources */ = {isa = PBXBuildFile; fileRef = E47CFC861AC1119800B90693 /* AppDelegate.m */; };
		E47CFC8A1AC1119800B90693 /* ViewController.m in Sources */ = {isa = PBXBuildFile; fileRef = E47CFC891AC1119800B90693 /* ViewController.m */; };
		E47CFC8D1AC1119800B90693 /* Main.storyboard in Resources */ = {isa = PBXBuildFile; fileRef = E47CFC8B1AC1119800B90693 /* Main.storyboard */; };
		E47CFC8F1AC1119800B90693 /* Images.xcassets in Resources */ = {isa = PBXBuildFile; fileRef = E47CFC8E1AC1119800B90693 /* Images.xcassets */; };
		E47CFC921AC1119800B90693 /* LaunchScreen.xib in Resources */ = {isa = PBXBuildFile; fileRef = E47CFC901AC1119800B90693 /* LaunchScreen.xib */; };
		E47CFC9E1AC1119900B90693 /* GUIDTests.m in Sources */ = {isa = PBXBuildFile; fileRef = E47CFC9D1AC1119900B90693 /* GUIDTests.m */; };
/* End PBXBuildFile section */

/* Begin PBXContainerItemProxy section */
		E47CFC981AC1119900B90693 /* PBXContainerItemProxy */ = {
			isa = PBXContainerItemProxy;
			containerPortal = E47CFC761AC1119800B90693 /* Project object */;
			proxyType = 1;
			remoteGlobalIDString = E47CFC7D1AC1119800B90693;
			remoteInfo = GUID;
		};
/* End PBXContainerItemProxy section */

/* Begin PBXFileReference section */
		E47CFC7E1AC1119800B90693 /* GUID.app */ = {isa = PBXFileReference; explicitFileType = wrapper.application; includeInIndex = 0; path = GUID.app; sourceTree = BUILT_PRODUCTS_DIR; };
		E47CFC821AC1119800B90693 /* Info.plist */ = {isa = PBXFileReference; lastKnownFileType = text.plist.xml; path = Info.plist; sourceTree = "<group>"; };
		E47CFC831AC1119800B90693 /* main.m */ = {isa = PBXFileReference; lastKnownFileType = sourcecode.c.objc; path = main.m; sourceTree = "<group>"; };
		E47CFC851AC1119800B90693 /* AppDelegate.h */ = {isa = PBXFileReference; lastKnownFileType = sourcecode.c.h; path = AppDelegate.h; sourceTree = "<group>"; };
		E47CFC861AC1119800B90693 /* AppDelegate.m */ = {isa = PBXFileReference; lastKnownFileType = sourcecode.c.objc; path = AppDelegate.m; sourceTree = "<group>"; };
		E47CFC881AC1119800B90693 /* ViewController.h */ = {isa = PBXFileReference; lastKnownFileType = sourcecode.c.h; path = ViewController.h; sourceTree = "<group>"; };
		E47CFC891AC1119800B90693 /* ViewController.m */ = {isa = PBXFileReference; lastKnownFileType = sourcecode.c.objc; path = ViewController.m; sourceTree = "<group>"; };
		E47CFC8C1AC1119800B90693 /* Base */ = {isa = PBXFileReference; lastKnownFileType = file.storyboard; name = Base; path = Base.lproj/Main.storyboard; sourceTree = "<group>"; };
		E47CFC8E1AC1119800B90693 /* Images.xcassets */ = {isa = PBXFileReference; lastKnownFileType = folder.assetcatalog; path = Images.xcassets; sourceTree = "<group>"; };
		E47CFC911AC1119800B90693 /* Base */ = {isa = PBXFileReference; lastKnownFileType = file.xib; name = Base; path = Base.lproj/LaunchScreen.xib; sourceTree = "<group>"; };
		E47CFC971AC1119900B90693 /* GUIDTests.xctest */ = {isa = PBXFileReference; explicitFileType = wrapper.cfbundle; includeInIndex = 0; path = GUIDTests.xctest; sourceTree = BUILT_PRODUCTS_DIR; };
		E47CFC9C1AC1119900B90693 /* Info.plist */ = {isa = PBXFileReference; lastKnownFileType = text.plist.xml; path = Info.plist; sourceTree = "<group>"; };
		E47CFC9D1AC1119900B90693 /* GUIDTests.m */ = {isa = PBXFileReference; lastKnownFileType = sourcecode.c.objc; path = GUIDTests.m; sourceTree = "<group>"; };
/* End PBXFileReference section */

/* Begin PBXFrameworksBuildPhase section */
		E47CFC7B1AC1119800B90693 /* Frameworks */ = {
			isa = PBXFrameworksBuildPhase;
			buildActionMask = 2147483647;
			files = (
			);
			runOnlyForDeploymentPostprocessing = 0;
		};
		E47CFC941AC1119900B90693 /* Frameworks */ = {
			isa = PBXFrameworksBuildPhase;
			buildActionMask = 2147483647;
			files = (
			);
			runOnlyForDeploymentPostprocessing = 0;
		};
/* End PBXFrameworksBuildPhase section */

/* Begin PBXGroup section */
		E47CFC751AC1119800B90693 = {
			isa = PBXGroup;
			children = (
				E47CFC801AC1119800B90693 /* GUID */,
				E47CFC9A1AC1119900B90693 /* GUIDTests */,
				E47CFC7F1AC1119800B90693 /* Products */,
			);
			sourceTree = "<group>";
		};
		E47CFC7F1AC1119800B90693 /* Products */ = {
			isa = PBXGroup;
			children = (
				E47CFC7E1AC1119800B90693 /* GUID.app */,
				E47CFC971AC1119900B90693 /* GUIDTests.xctest */,
			);
			name = Products;
			sourceTree = "<group>";
		};
		E47CFC801AC1119800B90693 /* GUID */ = {
			isa = PBXGroup;
			children = (
				E47CFC851AC1119800B90693 /* AppDelegate.h */,
				E47CFC861AC1119800B90693 /* AppDelegate.m */,
				E47CFC881AC1119800B90693 /* ViewController.h */,
				E47CFC891AC1119800B90693 /* ViewController.m */,
				E47CFC8B1AC1119800B90693 /* Main.storyboard */,
				E47CFC8E1AC1119800B90693 /* Images.xcassets */,
				E47CFC901AC1119800B90693 /* LaunchScreen.xib */,
				E47CFC811AC1119800B90693 /* Supporting Files */,
			);
			path = GUID;
			sourceTree = "<group>";
		};
		E47CFC811AC1119800B90693 /* Supporting Files */ = {
			isa = PBXGroup;
			children = (
				E47CFC821AC1119800B90693 /* Info.plist */,
				E47CFC831AC1119800B90693 /* main.m */,
			);
			name = "Supporting Files";
			sourceTree = "<group>";
		};
		E47CFC9A1AC1119900B90693 /* GUIDTests */ = {
			isa = PBXGroup;
			children = (
				E47CFC9D1AC1119900B90693 /* GUIDTests.m */,
				E47CFC9B1AC1119900B90693 /* Supporting Files */,
			);
			path = GUIDTests;
			sourceTree = "<group>";
		};
		E47CFC9B1AC1119900B90693 /* Supporting Files */ = {
			isa = PBXGroup;
			children = (
				E47CFC9C1AC1119900B90693 /* Info.plist */,
			);
			name = "Supporting Files";
			sourceTree = "<group>";
		};
/* End PBXGroup section */

/* Begin PBXNativeTarget section */
		E47CFC7D1AC1119800B90693 /* GUID */ = {
			isa = PBXNativeTarget;
			buildConfigurationList = E47CFCA11AC1119900B90693 /* Build configuration list for PBXNativeTarget "GUID" */;
			buildPhases = (
				E47CFC7A1AC1119800B90693 /* Sources */,
				E47CFC7B1AC1119800B90693 /* Frameworks */,
				E47CFC7C1AC1119800B90693 /* Resources */,
			);
			buildRules = (
			);
			dependencies = (
			);
			name = GUID;
			productName = GUID;
			productReference = E47CFC7E1AC1119800B90693 /* GUID.app */;
			productType = "com.apple.product-type.application";
		};
		E47CFC961AC1119900B90693 /* GUIDTests */ = {
			isa = PBXNativeTarget;
			buildConfigurationList = E47CFCA41AC1119900B90693 /* Build configuration list for PBXNativeTarget "GUIDTests" */;
			buildPhases = (
				E47CFC931AC1119900B90693 /* Sources */,
				E47CFC941AC1119900B90693 /* Frameworks */,
				E47CFC951AC1119900B90693 /* Resources */,
			);
			buildRules = (
			);
			dependencies = (
				E47CFC991AC1119900B90693 /* PBXTargetDependency */,
			);
			name = GUIDTests;
			productName = GUIDTests;
			productReference = E47CFC971AC1119900B90693 /* GUIDTests.xctest */;
			productType = "com.apple.product-type.bundle.unit-test";
		};
/* End PBXNativeTarget section */

/* Begin PBXProject section */
		E47CFC761AC1119800B90693 /* Project object */ = {
			isa = PBXProject;
			attributes = {
				LastUpgradeCheck = 0610;
				ORGANIZATIONNAME = yons;
				TargetAttributes = {
					E47CFC7D1AC1119800B90693 = {
						CreatedOnToolsVersion = 6.1.1;
					};
					E47CFC961AC1119900B90693 = {
						CreatedOnToolsVersion = 6.1.1;
						TestTargetID = E47CFC7D1AC1119800B90693;
					};
				};
			};
			buildConfigurationList = E47CFC791AC1119800B90693 /* Build configuration list for PBXProject "GUID" */;
			compatibilityVersion = "Xcode 3.2";
			developmentRegion = English;
			hasScannedForEncodings = 0;
			knownRegions = (
				en,
				Base,
			);
			mainGroup = E47CFC751AC1119800B90693;
			productRefGroup = E47CFC7F1AC1119800B90693 /* Products */;
			projectDirPath = "";
			projectRoot = "";
			targets = (
				E47CFC7D1AC1119800B90693 /* GUID */,
				E47CFC961AC1119900B90693 /* GUIDTests */,
			);
		};
/* End PBXProject section */

/* Begin PBXResourcesBuildPhase section */
		E47CFC7C1AC1119800B90693 /* Resources */ = {
			isa = PBXResourcesBuildPhase;
			buildActionMask = 2147483647;
			files = (
				E47CFC8D1AC1119800B90693 /* Main.storyboard in Resources */,
				E47CFC921AC1119800B90693 /* LaunchScreen.xib in Resources */,
				E47CFC8F1AC1119800B90693 /* Images.xcassets in Resources */,
			);
			runOnlyForDeploymentPostprocessing = 0;
		};
		E47CFC951AC1119900B90693 /* Resources */ = {
			isa = PBXResourcesBuildPhase;
			buildActionMask = 2147483647;
			files = (
			);
			runOnlyForDeploymentPostprocessing = 0;
		};
/* End PBXResourcesBuildPhase section */

/* Begin PBXSourcesBuildPhase section */
		E47CFC7A1AC1119800B90693 /* Sources */ = {
			isa = PBXSourcesBuildPhase;
			buildActionMask = 2147483647;
			files = (
				E47CFC8A1AC1119800B90693 /* ViewController.m in Sources */,
				E47CFC871AC1119800B90693 /* AppDelegate.m in Sources */,
				E47CFC841AC1119800B90693 /* main.m in Sources */,
			);
			runOnlyForDeploymentPostprocessing = 0;
		};
		E47CFC931AC1119900B90693 /* Sources */ = {
			isa = PBXSourcesBuildPhase;
			buildActionMask = 2147483647;
			files = (
				E47CFC9E1AC1119900B90693 /* GUIDTests.m in Sources */,
			);
			runOnlyForDeploymentPostprocessing = 0;
		};
/* End PBXSourcesBuildPhase section */

/* Begin PBXTargetDependency section */
		E47CFC991AC1119900B90693 /* PBXTargetDependency */ = {
			isa = PBXTargetDependency;
			target = E47CFC7D1AC1119800B90693 /* GUID */;
			targetProxy = E47CFC981AC1119900B90693 /* PBXContainerItemProxy */;
		};
/* End PBXTargetDependency section */

/* Begin PBXVariantGroup section */
		E47CFC8B1AC1119800B90693 /* Main.storyboard */ = {
			isa = PBXVariantGroup;
			children = (
				E47CFC8C1AC1119800B90693 /* Base */,
			);
			name = Main.storyboard;
			sourceTree = "<group>";
		};
		E47CFC901AC1119800B90693 /* LaunchScreen.xib */ = {
			isa = PBXVariantGroup;
			children = (
				E47CFC911AC1119800B90693 /* Base */,
			);
			name = LaunchScreen.xib;
			sourceTree = "<group>";
		};
/* End PBXVariantGroup section */

/* Begin XCBuildConfiguration section */
		E47CFC9F1AC1119900B90693 /* Debug */ = {
			isa = XCBuildConfiguration;
			buildSettings = {
				ALWAYS_SEARCH_USER_PATHS = NO;
				CLANG_CXX_LANGUAGE_STANDARD = "gnu++0x";
				CLANG_CXX_LIBRARY = "libc++";
				CLANG_ENABLE_MODULES = YES;
				CLANG_ENABLE_OBJC_ARC = YES;
				CLANG_WARN_BOOL_CONVERSION = YES;
				CLANG_WARN_CONSTANT_CONVERSION = YES;
				CLANG_WARN_DIRECT_OBJC_ISA_USAGE = YES_ERROR;
				CLANG_WARN_EMPTY_BODY = YES;
				CLANG_WARN_ENUM_CONVERSION = YES;
				CLANG_WARN_INT_CONVERSION = YES;
				CLANG_WARN_OBJC_ROOT_CLASS = YES_ERROR;
				CLANG_WARN_UNREACHABLE_CODE = YES;
				CLANG_WARN__DUPLICATE_METHOD_MATCH = YES;
				"CODE_SIGN_IDENTITY[sdk=iphoneos*]" = "iPhone Developer";
				COPY_PHASE_STRIP = NO;
				ENABLE_STRICT_OBJC_MSGSEND = YES;
				GCC_C_LANGUAGE_STANDARD = gnu99;
				GCC_DYNAMIC_NO_PIC = NO;
				GCC_OPTIMIZATION_LEVEL = 0;
				GCC_PREPROCESSOR_DEFINITIONS = (
					"DEBUG=1",
					"$(inherited)",
				);
				GCC_SYMBOLS_PRIVATE_EXTERN = NO;
				GCC_WARN_64_TO_32_BIT_CONVERSION = YES;
				GCC_WARN_ABOUT_RETURN_TYPE = YES_ERROR;
				GCC_WARN_UNDECLARED_SELECTOR = YES;
				GCC_WARN_UNINITIALIZED_AUTOS = YES_AGGRESSIVE;
				GCC_WARN_UNUSED_FUNCTION = YES;
				GCC_WARN_UNUSED_VARIABLE = YES;
				IPHONEOS_DEPLOYMENT_TARGET = 8.1;
				MTL_ENABLE_DEBUG_INFO = YES;
				ONLY_ACTIVE_ARCH = YES;
				SDKROOT = iphoneos;
			};
			name = Debug;
		};
		E47CFCA01AC1119900B90693 /* Release */ = {
			isa = XCBuildConfiguration;
			buildSettings = {
				ALWAYS_SEARCH_USER_PATHS = NO;
				CLANG_CXX_LANGUAGE_STANDARD = "gnu++0x";
				CLANG_CXX_LIBRARY = "libc++";
				CLANG_ENABLE_MODULES = YES;
				CLANG_ENABLE_OBJC_ARC = YES;
				CLANG_WARN_BOOL_CONVERSION = YES;
				CLANG_WARN_CONSTANT_CONVERSION = YES;
				CLANG_WARN_DIRECT_OBJC_ISA_USAGE = YES_ERROR;
				CLANG_WARN_EMPTY_BODY = YES;
				CLANG_WARN_ENUM_CONVERSION = YES;
				CLANG_WARN_INT_CONVERSION = YES;
				CLANG_WARN_OBJC_ROOT_CLASS = YES_ERROR;
				CLANG_WARN_UNREACHABLE_CODE = YES;
				CLANG_WARN__DUPLICATE_METHOD_MATCH = YES;
				"CODE_SIGN_IDENTITY[sdk=iphoneos*]" = "iPhone Developer";
				COPY_PHASE_STRIP = YES;
				ENABLE_NS_ASSERTIONS = NO;
				ENABLE_STRICT_OBJC_MSGSEND = YES;
				GCC_C_LANGUAGE_STANDARD = gnu99;
				GCC_WARN_64_TO_32_BIT_CONVERSION = YES;
				GCC_WARN_ABOUT_RETURN_TYPE = YES_ERROR;
				GCC_WARN_UNDECLARED_SELECTOR = YES;
				GCC_WARN_UNINITIALIZED_AUTOS = YES_AGGRESSIVE;
				GCC_WARN_UNUSED_FUNCTION = YES;
				GCC_WARN_UNUSED_VARIABLE = YES;
				IPHONEOS_DEPLOYMENT_TARGET = 8.1;
				MTL_ENABLE_DEBUG_INFO = NO;
				SDKROOT = iphoneos;
				VALIDATE_PRODUCT = YES;
			};
			name = Release;
		};
		E47CFCA21AC1119900B90693 /* Debug */ = {
			isa = XCBuildConfiguration;
			buildSettings = {
				ASSETCATALOG_COMPILER_APPICON_NAME = AppIcon;
				INFOPLIST_FILE = GUID/Info.plist;
				LD_RUNPATH_SEARCH_PATHS = "$(inherited) @executable_path/Frameworks";
				PRODUCT_NAME = "$(TARGET_NAME)";
			};
			name = Debug;
		};
		E47CFCA31AC1119900B90693 /* Release */ = {
			isa = XCBuildConfiguration;
			buildSettings = {
				ASSETCATALOG_COMPILER_APPICON_NAME = AppIcon;
				INFOPLIST_FILE = GUID/Info.plist;
				LD_RUNPATH_SEARCH_PATHS = "$(inherited) @executable_path/Frameworks";
				PRODUCT_NAME = "$(TARGET_NAME)";
			};
			name = Release;
		};
		E47CFCA51AC1119900B90693 /* Debug */ = {
			isa = XCBuildConfiguration;
			buildSettings = {
				BUNDLE_LOADER = "$(TEST_HOST)";
				FRAMEWORK_SEARCH_PATHS = (
					"$(SDKROOT)/Developer/Library/Frameworks",
					"$(inherited)",
				);
				GCC_PREPROCESSOR_DEFINITIONS = (
					"DEBUG=1",
					"$(inherited)",
				);
				INFOPLIST_FILE = GUIDTests/Info.plist;
				LD_RUNPATH_SEARCH_PATHS = "$(inherited) @executable_path/Frameworks @loader_path/Frameworks";
				PRODUCT_NAME = "$(TARGET_NAME)";
				TEST_HOST = "$(BUILT_PRODUCTS_DIR)/GUID.app/GUID";
			};
			name = Debug;
		};
		E47CFCA61AC1119900B90693 /* Release */ = {
			isa = XCBuildConfiguration;
			buildSettings = {
				BUNDLE_LOADER = "$(TEST_HOST)";
				FRAMEWORK_SEARCH_PATHS = (
					"$(SDKROOT)/Developer/Library/Frameworks",
					"$(inherited)",
				);
				INFOPLIST_FILE = GUIDTests/Info.plist;
				LD_RUNPATH_SEARCH_PATHS = "$(inherited) @executable_path/Frameworks @loader_path/Frameworks";
				PRODUCT_NAME = "$(TARGET_NAME)";
				TEST_HOST = "$(BUILT_PRODUCTS_DIR)/GUID.app/GUID";
			};
			name = Release;
		};
/* End XCBuildConfiguration section */

/* Begin XCConfigurationList section */
		E47CFC791AC1119800B90693 /* Build configuration list for PBXProject "GUID" */ = {
			isa = XCConfigurationList;
			buildConfigurations = (
				E47CFC9F1AC1119900B90693 /* Debug */,
				E47CFCA01AC1119900B90693 /* Release */,
			);
			defaultConfigurationIsVisible = 0;
			defaultConfigurationName = Release;
		};
		E47CFCA11AC1119900B90693 /* Build configuration list for PBXNativeTarget "GUID" */ = {
			isa = XCConfigurationList;
			buildConfigurations = (
				E47CFCA21AC1119900B90693 /* Debug */,
				E47CFCA31AC1119900B90693 /* Release */,
			);
			defaultConfigurationIsVisible = 0;
		};
		E47CFCA41AC1119900B90693 /* Build configuration list for PBXNativeTarget "GUIDTests" */ = {
			isa = XCConfigurationList;
			buildConfigurations = (
				E47CFCA51AC1119900B90693 /* Debug */,
				E47CFCA61AC1119900B90693 /* Release */,
			);
			defaultConfigurationIsVisible = 0;
		};
/* End XCConfigurationList section */
	};
	rootObject = E47CFC761AC1119800B90693 /* Project object */;
}
